
Microsoft Visual Studio Solution File, Format Version 12.00
# Visual Studio Version 17
VisualStudioVersion = 17.4.33213.308
MinimumVisualStudioVersion = 10.0.40219.1
Project("{FAE04EC0-301F-11D3-BF4B-00C04F79EFBC}") = "PDC03_MODULE03.Android", "PDC03_MODULE03\PDC03_MODULE03.Android\PDC03_MODULE03.Android.csproj", "{F4A5A579-33DA-4B9C-AE64-DC1DF355C1E2}"
EndProject
Project("{FAE04EC0-301F-11D3-BF4B-00C04F79EFBC}") = "PDC03_MODULE03", "PDC03_MODULE03\PDC03_MODULE03\PDC03_MODULE03.csproj", "{3C194853-67CD-45B5-B44E-F591BB4BFE92}"
EndProject
Global
	GlobalSection(SolutionConfigurationPlatforms) = preSolution
		Debug|Any CPU = Debug|Any CPU
		Release|Any CPU = Release|Any CPU
	EndGlobalSection
	GlobalSection(ProjectConfigurationPlatforms) = postSolution
		{F4A5A579-33DA-4B9C-AE64-DC1DF355C1E2}.Debug|Any CPU.ActiveCfg = Debug|Any CPU
		{F4A5A579-33DA-4B9C-AE64-DC1DF355C1E2}.Debug|Any CPU.Build.0 = Debug|Any CPU
		{F4A5A579-33DA-4B9C-AE64-DC1DF355C1E2}.Debug|Any CPU.Deploy.0 = Debug|Any CPU
		{F4A5A579-33DA-4B9C-AE64-DC1DF355C1E2}.Release|Any CPU.ActiveCfg = Release|Any CPU
		{F4A5A579-33DA-4B9C-AE64-DC1DF355C1E2}.Release|Any CPU.Build.0 = Release|Any CPU
		{F4A5A579-33DA-4B9C-AE64-DC1DF355C1E2}.Release|Any CPU.Deploy.0 = Release|Any CPU
		{3C194853-67CD-45B5-B44E-F591BB4BFE92}.Debug|Any CPU.ActiveCfg = Debug|Any CPU
		{3C194853-67CD-45B5-B44E-F591BB4BFE92}.Debug|Any CPU.Build.0 = Debug|Any CPU
		{3C194853-67CD-45B5-B44E-F591BB4BFE92}.Debug|Any CPU.Deploy.0 = Debug|Any CPU
		{3C194853-67CD-45B5-B44E-F591BB4BFE92}.Release|Any CPU.ActiveCfg = Release|Any CPU
		{3C194853-67CD-45B5-B44E-F591BB4BFE92}.Release|Any CPU.Build.0 = Release|Any CPU
		{3C194853-67CD-45B5-B44E-F591BB4BFE92}.Release|Any CPU.Deploy.0 = Release|Any CPU
	EndGlobalSection
	GlobalSection(SolutionProperties) = preSolution
		HideSolutionNode = FALSE
	EndGlobalSection
	GlobalSection(ExtensibilityGlobals) = postSolution
		SolutionGuid = {EF7743FD-13AD-46F0-B5E1-0D0046CB43C1}
	EndGlobalSection
EndGlobal
